
Microsoft Visual Studio Solution File, Format Version 12.00
# Visual Studio Version 16
VisualStudioVersion = 16.0.31624.102
MinimumVisualStudioVersion = 10.0.40219.1
Project("{D954291E-2A0B-460D-934E-DC6B0785DB48}") = "KakiPrismUnoMigration.Shared", "KakiPrismUnoMigration\KakiPrismUnoMigration.Shared\KakiPrismUnoMigration.Shared.shproj", "{B691BC41-59C6-41CE-AE8D-199E901B5BFE}"
EndProject
Project("{FAE04EC0-301F-11D3-BF4B-00C04F79EFBC}") = "KakiPrismUnoMigration.Core", "KakiPrismUnoMigration\KakiPrismUnoMigration.Core\KakiPrismUnoMigration.Core.csproj", "{5E985281-2059-4D69-BB7A-196991B67C2E}"
EndProject
Project("{2150E333-8FDC-42A3-9474-1A3956D46DE8}") = "Platforms", "Platforms", "{3AAE5788-7A61-4F87-BB94-D58C33707BA4}"
EndProject
Project("{FAE04EC0-301F-11D3-BF4B-00C04F79EFBC}") = "KakiPrismUnoMigration.Droid", "KakiPrismUnoMigration\Platforms\KakiPrismUnoMigration.Droid\KakiPrismUnoMigration.Droid.csproj", "{969E8ECD-D693-45B6-BE0C-BCB58B5F364D}"
EndProject
Project("{FAE04EC0-301F-11D3-BF4B-00C04F79EFBC}") = "KakiPrismUnoMigration.iOS", "KakiPrismUnoMigration\Platforms\KakiPrismUnoMigration.iOS\KakiPrismUnoMigration.iOS.csproj", "{C904F90D-451C-4475-93F7-B6293D3901EB}"
EndProject
Project("{FAE04EC0-301F-11D3-BF4B-00C04F79EFBC}") = "KakiPrismUnoMigration.UWP", "KakiPrismUnoMigration\Platforms\KakiPrismUnoMigration.UWP\KakiPrismUnoMigration.UWP.csproj", "{09D485B2-A476-4EA6-8044-B040BA1C6893}"
EndProject
Project("{9A19103F-16F7-4668-BE54-9A1E7A4F7556}") = "KakiPrismUnoMigration.Wasm", "KakiPrismUnoMigration\Platforms\KakiPrismUnoMigration.Wasm\KakiPrismUnoMigration.Wasm.csproj", "{19EE91D6-F525-44B5-A250-9CAABB230E10}"
EndProject
Project("{FAE04EC0-301F-11D3-BF4B-00C04F79EFBC}") = "KakiPrismUnoMigration.macOS", "KakiPrismUnoMigration\Platforms\KakiPrismUnoMigration.macOS\KakiPrismUnoMigration.macOS.csproj", "{9C1C6C56-21FD-444A-981F-EB520526A5C1}"
EndProject
Global
	GlobalSection(SharedMSBuildProjectFiles) = preSolution
		KakiPrismUnoMigration\KakiPrismUnoMigration.Shared\KakiPrismUnoMigration.Shared.projitems*{09d485b2-a476-4ea6-8044-b040ba1c6893}*SharedItemsImports = 4
		KakiPrismUnoMigration\KakiPrismUnoMigration.Shared\KakiPrismUnoMigration.Shared.projitems*{19ee91d6-f525-44b5-a250-9caabb230e10}*SharedItemsImports = 5
		KakiPrismUnoMigration\KakiPrismUnoMigration.Shared\KakiPrismUnoMigration.Shared.projitems*{969e8ecd-d693-45b6-be0c-bcb58b5f364d}*SharedItemsImports = 4
		KakiPrismUnoMigration\KakiPrismUnoMigration.Shared\KakiPrismUnoMigration.Shared.projitems*{b691bc41-59c6-41ce-ae8d-199e901b5bfe}*SharedItemsImports = 13
	EndGlobalSection
	GlobalSection(SolutionConfigurationPlatforms) = preSolution
		Ad-Hoc|Any CPU = Ad-Hoc|Any CPU
		Ad-Hoc|ARM = Ad-Hoc|ARM
		Ad-Hoc|ARM64 = Ad-Hoc|ARM64
		Ad-Hoc|iPhone = Ad-Hoc|iPhone
		Ad-Hoc|iPhoneSimulator = Ad-Hoc|iPhoneSimulator
		Ad-Hoc|x64 = Ad-Hoc|x64
		Ad-Hoc|x86 = Ad-Hoc|x86
		AppStore|Any CPU = AppStore|Any CPU
		AppStore|ARM = AppStore|ARM
		AppStore|ARM64 = AppStore|ARM64
		AppStore|iPhone = AppStore|iPhone
		AppStore|iPhoneSimulator = AppStore|iPhoneSimulator
		AppStore|x64 = AppStore|x64
		AppStore|x86 = AppStore|x86
		Debug|Any CPU = Debug|Any CPU
		Debug|ARM = Debug|ARM
		Debug|ARM64 = Debug|ARM64
		Debug|iPhone = Debug|iPhone
		Debug|iPhoneSimulator = Debug|iPhoneSimulator
		Debug|x64 = Debug|x64
		Debug|x86 = Debug|x86
		Release|Any CPU = Release|Any CPU
		Release|ARM = Release|ARM
		Release|ARM64 = Release|ARM64
		Release|iPhone = Release|iPhone
		Release|iPhoneSimulator = Release|iPhoneSimulator
		Release|x64 = Release|x64
		Release|x86 = Release|x86
	EndGlobalSection
	GlobalSection(ProjectConfigurationPlatforms) = postSolution
		{5E985281-2059-4D69-BB7A-196991B67C2E}.Ad-Hoc|Any CPU.ActiveCfg = Debug|Any CPU
		{5E985281-2059-4D69-BB7A-196991B67C2E}.Ad-Hoc|Any CPU.Build.0 = Debug|Any CPU
		{5E985281-2059-4D69-BB7A-196991B67C2E}.Ad-Hoc|ARM.ActiveCfg = Debug|Any CPU
		{5E985281-2059-4D69-BB7A-196991B67C2E}.Ad-Hoc|ARM.Build.0 = Debug|Any CPU
		{5E985281-2059-4D69-BB7A-196991B67C2E}.Ad-Hoc|ARM64.ActiveCfg = Debug|Any CPU
		{5E985281-2059-4D69-BB7A-196991B67C2E}.Ad-Hoc|ARM64.Build.0 = Debug|Any CPU
		{5E985281-2059-4D69-BB7A-196991B67C2E}.Ad-Hoc|iPhone.ActiveCfg = Debug|Any CPU
		{5E985281-2059-4D69-BB7A-196991B67C2E}.Ad-Hoc|iPhone.Build.0 = Debug|Any CPU
		{5E985281-2059-4D69-BB7A-196991B67C2E}.Ad-Hoc|iPhoneSimulator.ActiveCfg = Debug|Any CPU
		{5E985281-2059-4D69-BB7A-196991B67C2E}.Ad-Hoc|iPhoneSimulator.Build.0 = Debug|Any CPU
		{5E985281-2059-4D69-BB7A-196991B67C2E}.Ad-Hoc|x64.ActiveCfg = Debug|Any CPU
		{5E985281-2059-4D69-BB7A-196991B67C2E}.Ad-Hoc|x64.Build.0 = Debug|Any CPU
		{5E985281-2059-4D69-BB7A-196991B67C2E}.Ad-Hoc|x86.ActiveCfg = Debug|Any CPU
		{5E985281-2059-4D69-BB7A-196991B67C2E}.Ad-Hoc|x86.Build.0 = Debug|Any CPU
		{5E985281-2059-4D69-BB7A-196991B67C2E}.AppStore|Any CPU.ActiveCfg = Debug|Any CPU
		{5E985281-2059-4D69-BB7A-196991B67C2E}.AppStore|Any CPU.Build.0 = Debug|Any CPU
		{5E985281-2059-4D69-BB7A-196991B67C2E}.AppStore|ARM.ActiveCfg = Debug|Any CPU
		{5E985281-2059-4D69-BB7A-196991B67C2E}.AppStore|ARM.Build.0 = Debug|Any CPU
		{5E985281-2059-4D69-BB7A-196991B67C2E}.AppStore|ARM64.ActiveCfg = Debug|Any CPU
		{5E985281-2059-4D69-BB7A-196991B67C2E}.AppStore|ARM64.Build.0 = Debug|Any CPU
		{5E985281-2059-4D69-BB7A-196991B67C2E}.AppStore|iPhone.ActiveCfg = Debug|Any CPU
		{5E985281-2059-4D69-BB7A-196991B67C2E}.AppStore|iPhone.Build.0 = Debug|Any CPU
		{5E985281-2059-4D69-BB7A-196991B67C2E}.AppStore|iPhoneSimulator.ActiveCfg = Debug|Any CPU
		{5E985281-2059-4D69-BB7A-196991B67C2E}.AppStore|iPhoneSimulator.Build.0 = Debug|Any CPU
		{5E985281-2059-4D69-BB7A-196991B67C2E}.AppStore|x64.ActiveCfg = Debug|Any CPU
		{5E985281-2059-4D69-BB7A-196991B67C2E}.AppStore|x64.Build.0 = Debug|Any CPU
		{5E985281-2059-4D69-BB7A-196991B67C2E}.AppStore|x86.ActiveCfg = Debug|Any CPU
		{5E985281-2059-4D69-BB7A-196991B67C2E}.AppStore|x86.Build.0 = Debug|Any CPU
		{5E985281-2059-4D69-BB7A-196991B67C2E}.Debug|Any CPU.ActiveCfg = Debug|Any CPU
		{5E985281-2059-4D69-BB7A-196991B67C2E}.Debug|Any CPU.Build.0 = Debug|Any CPU
		{5E985281-2059-4D69-BB7A-196991B67C2E}.Debug|ARM.ActiveCfg = Debug|Any CPU
		{5E985281-2059-4D69-BB7A-196991B67C2E}.Debug|ARM.Build.0 = Debug|Any CPU
		{5E985281-2059-4D69-BB7A-196991B67C2E}.Debug|ARM64.ActiveCfg = Debug|Any CPU
		{5E985281-2059-4D69-BB7A-196991B67C2E}.Debug|ARM64.Build.0 = Debug|Any CPU
		{5E985281-2059-4D69-BB7A-196991B67C2E}.Debug|iPhone.ActiveCfg = Debug|Any CPU
		{5E985281-2059-4D69-BB7A-196991B67C2E}.Debug|iPhone.Build.0 = Debug|Any CPU
		{5E985281-2059-4D69-BB7A-196991B67C2E}.Debug|iPhoneSimulator.ActiveCfg = Debug|Any CPU
		{5E985281-2059-4D69-BB7A-196991B67C2E}.Debug|iPhoneSimulator.Build.0 = Debug|Any CPU
		{5E985281-2059-4D69-BB7A-196991B67C2E}.Debug|x64.ActiveCfg = Debug|Any CPU
		{5E985281-2059-4D69-BB7A-196991B67C2E}.Debug|x64.Build.0 = Debug|Any CPU
		{5E985281-2059-4D69-BB7A-196991B67C2E}.Debug|x86.ActiveCfg = Debug|Any CPU
		{5E985281-2059-4D69-BB7A-196991B67C2E}.Debug|x86.Build.0 = Debug|Any CPU
		{5E985281-2059-4D69-BB7A-196991B67C2E}.Release|Any CPU.ActiveCfg = Release|Any CPU
		{5E985281-2059-4D69-BB7A-196991B67C2E}.Release|Any CPU.Build.0 = Release|Any CPU
		{5E985281-2059-4D69-BB7A-196991B67C2E}.Release|ARM.ActiveCfg = Release|Any CPU
		{5E985281-2059-4D69-BB7A-196991B67C2E}.Release|ARM.Build.0 = Release|Any CPU
		{5E985281-2059-4D69-BB7A-196991B67C2E}.Release|ARM64.ActiveCfg = Release|Any CPU
		{5E985281-2059-4D69-BB7A-196991B67C2E}.Release|ARM64.Build.0 = Release|Any CPU
		{5E985281-2059-4D69-BB7A-196991B67C2E}.Release|iPhone.ActiveCfg = Release|Any CPU
		{5E985281-2059-4D69-BB7A-196991B67C2E}.Release|iPhone.Build.0 = Release|Any CPU
		{5E985281-2059-4D69-BB7A-196991B67C2E}.Release|iPhoneSimulator.ActiveCfg = Release|Any CPU
		{5E985281-2059-4D69-BB7A-196991B67C2E}.Release|iPhoneSimulator.Build.0 = Release|Any CPU
		{5E985281-2059-4D69-BB7A-196991B67C2E}.Release|x64.ActiveCfg = Release|Any CPU
		{5E985281-2059-4D69-BB7A-196991B67C2E}.Release|x64.Build.0 = Release|Any CPU
		{5E985281-2059-4D69-BB7A-196991B67C2E}.Release|x86.ActiveCfg = Release|Any CPU
		{5E985281-2059-4D69-BB7A-196991B67C2E}.Release|x86.Build.0 = Release|Any CPU
		{969E8ECD-D693-45B6-BE0C-BCB58B5F364D}.Ad-Hoc|Any CPU.ActiveCfg = Debug|Any CPU
		{969E8ECD-D693-45B6-BE0C-BCB58B5F364D}.Ad-Hoc|Any CPU.Build.0 = Debug|Any CPU
		{969E8ECD-D693-45B6-BE0C-BCB58B5F364D}.Ad-Hoc|Any CPU.Deploy.0 = Debug|Any CPU
		{969E8ECD-D693-45B6-BE0C-BCB58B5F364D}.Ad-Hoc|ARM.ActiveCfg = Debug|Any CPU
		{969E8ECD-D693-45B6-BE0C-BCB58B5F364D}.Ad-Hoc|ARM.Build.0 = Debug|Any CPU
		{969E8ECD-D693-45B6-BE0C-BCB58B5F364D}.Ad-Hoc|ARM.Deploy.0 = Debug|Any CPU
		{969E8ECD-D693-45B6-BE0C-BCB58B5F364D}.Ad-Hoc|ARM64.ActiveCfg = Debug|Any CPU
		{969E8ECD-D693-45B6-BE0C-BCB58B5F364D}.Ad-Hoc|ARM64.Build.0 = Debug|Any CPU
		{969E8ECD-D693-45B6-BE0C-BCB58B5F364D}.Ad-Hoc|ARM64.Deploy.0 = Debug|Any CPU
		{969E8ECD-D693-45B6-BE0C-BCB58B5F364D}.Ad-Hoc|iPhone.ActiveCfg = Debug|Any CPU
		{969E8ECD-D693-45B6-BE0C-BCB58B5F364D}.Ad-Hoc|iPhone.Build.0 = Debug|Any CPU
		{969E8ECD-D693-45B6-BE0C-BCB58B5F364D}.Ad-Hoc|iPhone.Deploy.0 = Debug|Any CPU
		{969E8ECD-D693-45B6-BE0C-BCB58B5F364D}.Ad-Hoc|iPhoneSimulator.ActiveCfg = Debug|Any CPU
		{969E8ECD-D693-45B6-BE0C-BCB58B5F364D}.Ad-Hoc|iPhoneSimulator.Build.0 = Debug|Any CPU
		{969E8ECD-D693-45B6-BE0C-BCB58B5F364D}.Ad-Hoc|iPhoneSimulator.Deploy.0 = Debug|Any CPU
		{969E8ECD-D693-45B6-BE0C-BCB58B5F364D}.Ad-Hoc|x64.ActiveCfg = Debug|Any CPU
		{969E8ECD-D693-45B6-BE0C-BCB58B5F364D}.Ad-Hoc|x64.Build.0 = Debug|Any CPU
		{969E8ECD-D693-45B6-BE0C-BCB58B5F364D}.Ad-Hoc|x64.Deploy.0 = Debug|Any CPU
		{969E8ECD-D693-45B6-BE0C-BCB58B5F364D}.Ad-Hoc|x86.ActiveCfg = Debug|Any CPU
		{969E8ECD-D693-45B6-BE0C-BCB58B5F364D}.Ad-Hoc|x86.Build.0 = Debug|Any CPU
		{969E8ECD-D693-45B6-BE0C-BCB58B5F364D}.Ad-Hoc|x86.Deploy.0 = Debug|Any CPU
		{969E8ECD-D693-45B6-BE0C-BCB58B5F364D}.AppStore|Any CPU.ActiveCfg = Debug|Any CPU
		{969E8ECD-D693-45B6-BE0C-BCB58B5F364D}.AppStore|Any CPU.Build.0 = Debug|Any CPU
		{969E8ECD-D693-45B6-BE0C-BCB58B5F364D}.AppStore|Any CPU.Deploy.0 = Debug|Any CPU
		{969E8ECD-D693-45B6-BE0C-BCB58B5F364D}.AppStore|ARM.ActiveCfg = Debug|Any CPU
		{969E8ECD-D693-45B6-BE0C-BCB58B5F364D}.AppStore|ARM.Build.0 = Debug|Any CPU
		{969E8ECD-D693-45B6-BE0C-BCB58B5F364D}.AppStore|ARM.Deploy.0 = Debug|Any CPU
		{969E8ECD-D693-45B6-BE0C-BCB58B5F364D}.AppStore|ARM64.ActiveCfg = Debug|Any CPU
		{969E8ECD-D693-45B6-BE0C-BCB58B5F364D}.AppStore|ARM64.Build.0 = Debug|Any CPU
		{969E8ECD-D693-45B6-BE0C-BCB58B5F364D}.AppStore|ARM64.Deploy.0 = Debug|Any CPU
		{969E8ECD-D693-45B6-BE0C-BCB58B5F364D}.AppStore|iPhone.ActiveCfg = Debug|Any CPU
		{969E8ECD-D693-45B6-BE0C-BCB58B5F364D}.AppStore|iPhone.Build.0 = Debug|Any CPU
		{969E8ECD-D693-45B6-BE0C-BCB58B5F364D}.AppStore|iPhone.Deploy.0 = Debug|Any CPU
		{969E8ECD-D693-45B6-BE0C-BCB58B5F364D}.AppStore|iPhoneSimulator.ActiveCfg = Debug|Any CPU
		{969E8ECD-D693-45B6-BE0C-BCB58B5F364D}.AppStore|iPhoneSimulator.Build.0 = Debug|Any CPU
		{969E8ECD-D693-45B6-BE0C-BCB58B5F364D}.AppStore|iPhoneSimulator.Deploy.0 = Debug|Any CPU
		{969E8ECD-D693-45B6-BE0C-BCB58B5F364D}.AppStore|x64.ActiveCfg = Debug|Any CPU
		{969E8ECD-D693-45B6-BE0C-BCB58B5F364D}.AppStore|x64.Build.0 = Debug|Any CPU
		{969E8ECD-D693-45B6-BE0C-BCB58B5F364D}.AppStore|x64.Deploy.0 = Debug|Any CPU
		{969E8ECD-D693-45B6-BE0C-BCB58B5F364D}.AppStore|x86.ActiveCfg = Debug|Any CPU
		{969E8ECD-D693-45B6-BE0C-BCB58B5F364D}.AppStore|x86.Build.0 = Debug|Any CPU
		{969E8ECD-D693-45B6-BE0C-BCB58B5F364D}.AppStore|x86.Deploy.0 = Debug|Any CPU
		{969E8ECD-D693-45B6-BE0C-BCB58B5F364D}.Debug|Any CPU.ActiveCfg = Debug|Any CPU
		{969E8ECD-D693-45B6-BE0C-BCB58B5F364D}.Debug|Any CPU.Build.0 = Debug|Any CPU
		{969E8ECD-D693-45B6-BE0C-BCB58B5F364D}.Debug|Any CPU.Deploy.0 = Debug|Any CPU
		{969E8ECD-D693-45B6-BE0C-BCB58B5F364D}.Debug|ARM.ActiveCfg = Debug|Any CPU
		{969E8ECD-D693-45B6-BE0C-BCB58B5F364D}.Debug|ARM.Build.0 = Debug|Any CPU
		{969E8ECD-D693-45B6-BE0C-BCB58B5F364D}.Debug|ARM.Deploy.0 = Debug|Any CPU
		{969E8ECD-D693-45B6-BE0C-BCB58B5F364D}.Debug|ARM64.ActiveCfg = Debug|Any CPU
		{969E8ECD-D693-45B6-BE0C-BCB58B5F364D}.Debug|ARM64.Build.0 = Debug|Any CPU
		{969E8ECD-D693-45B6-BE0C-BCB58B5F364D}.Debug|ARM64.Deploy.0 = Debug|Any CPU
		{969E8ECD-D693-45B6-BE0C-BCB58B5F364D}.Debug|iPhone.ActiveCfg = Debug|Any CPU
		{969E8ECD-D693-45B6-BE0C-BCB58B5F364D}.Debug|iPhone.Build.0 = Debug|Any CPU
		{969E8ECD-D693-45B6-BE0C-BCB58B5F364D}.Debug|iPhone.Deploy.0 = Debug|Any CPU
		{969E8ECD-D693-45B6-BE0C-BCB58B5F364D}.Debug|iPhoneSimulator.ActiveCfg = Debug|Any CPU
		{969E8ECD-D693-45B6-BE0C-BCB58B5F364D}.Debug|iPhoneSimulator.Build.0 = Debug|Any CPU
		{969E8ECD-D693-45B6-BE0C-BCB58B5F364D}.Debug|iPhoneSimulator.Deploy.0 = Debug|Any CPU
		{969E8ECD-D693-45B6-BE0C-BCB58B5F364D}.Debug|x64.ActiveCfg = Debug|Any CPU
		{969E8ECD-D693-45B6-BE0C-BCB58B5F364D}.Debug|x64.Build.0 = Debug|Any CPU
		{969E8ECD-D693-45B6-BE0C-BCB58B5F364D}.Debug|x64.Deploy.0 = Debug|Any CPU
		{969E8ECD-D693-45B6-BE0C-BCB58B5F364D}.Debug|x86.ActiveCfg = Debug|Any CPU
		{969E8ECD-D693-45B6-BE0C-BCB58B5F364D}.Debug|x86.Build.0 = Debug|Any CPU
		{969E8ECD-D693-45B6-BE0C-BCB58B5F364D}.Debug|x86.Deploy.0 = Debug|Any CPU
		{969E8ECD-D693-45B6-BE0C-BCB58B5F364D}.Release|Any CPU.ActiveCfg = Release|Any CPU
		{969E8ECD-D693-45B6-BE0C-BCB58B5F364D}.Release|Any CPU.Build.0 = Release|Any CPU
		{969E8ECD-D693-45B6-BE0C-BCB58B5F364D}.Release|Any CPU.Deploy.0 = Release|Any CPU
		{969E8ECD-D693-45B6-BE0C-BCB58B5F364D}.Release|ARM.ActiveCfg = Release|Any CPU
		{969E8ECD-D693-45B6-BE0C-BCB58B5F364D}.Release|ARM.Build.0 = Release|Any CPU
		{969E8ECD-D693-45B6-BE0C-BCB58B5F364D}.Release|ARM.Deploy.0 = Release|Any CPU
		{969E8ECD-D693-45B6-BE0C-BCB58B5F364D}.Release|ARM64.ActiveCfg = Release|Any CPU
		{969E8ECD-D693-45B6-BE0C-BCB58B5F364D}.Release|ARM64.Build.0 = Release|Any CPU
		{969E8ECD-D693-45B6-BE0C-BCB58B5F364D}.Release|ARM64.Deploy.0 = Release|Any CPU
		{969E8ECD-D693-45B6-BE0C-BCB58B5F364D}.Release|iPhone.ActiveCfg = Release|Any CPU
		{969E8ECD-D693-45B6-BE0C-BCB58B5F364D}.Release|iPhone.Build.0 = Release|Any CPU
		{969E8ECD-D693-45B6-BE0C-BCB58B5F364D}.Release|iPhone.Deploy.0 = Release|Any CPU
		{969E8ECD-D693-45B6-BE0C-BCB58B5F364D}.Release|iPhoneSimulator.ActiveCfg = Release|Any CPU
		{969E8ECD-D693-45B6-BE0C-BCB58B5F364D}.Release|iPhoneSimulator.Build.0 = Release|Any CPU
		{969E8ECD-D693-45B6-BE0C-BCB58B5F364D}.Release|iPhoneSimulator.Deploy.0 = Release|Any CPU
		{969E8ECD-D693-45B6-BE0C-BCB58B5F364D}.Release|x64.ActiveCfg = Release|Any CPU
		{969E8ECD-D693-45B6-BE0C-BCB58B5F364D}.Release|x64.Build.0 = Release|Any CPU
		{969E8ECD-D693-45B6-BE0C-BCB58B5F364D}.Release|x64.Deploy.0 = Release|Any CPU
		{969E8ECD-D693-45B6-BE0C-BCB58B5F364D}.Release|x86.ActiveCfg = Release|Any CPU
		{969E8ECD-D693-45B6-BE0C-BCB58B5F364D}.Release|x86.Build.0 = Release|Any CPU
		{969E8ECD-D693-45B6-BE0C-BCB58B5F364D}.Release|x86.Deploy.0 = Release|Any CPU
		{C904F90D-451C-4475-93F7-B6293D3901EB}.Ad-Hoc|Any CPU.ActiveCfg = Ad-Hoc|iPhoneSimulator
		{C904F90D-451C-4475-93F7-B6293D3901EB}.Ad-Hoc|ARM.ActiveCfg = Ad-Hoc|iPhoneSimulator
		{C904F90D-451C-4475-93F7-B6293D3901EB}.Ad-Hoc|ARM64.ActiveCfg = Ad-Hoc|iPhoneSimulator
		{C904F90D-451C-4475-93F7-B6293D3901EB}.Ad-Hoc|iPhone.ActiveCfg = Ad-Hoc|iPhone
		{C904F90D-451C-4475-93F7-B6293D3901EB}.Ad-Hoc|iPhone.Build.0 = Ad-Hoc|iPhone
		{C904F90D-451C-4475-93F7-B6293D3901EB}.Ad-Hoc|iPhoneSimulator.ActiveCfg = Ad-Hoc|iPhoneSimulator
		{C904F90D-451C-4475-93F7-B6293D3901EB}.Ad-Hoc|iPhoneSimulator.Build.0 = Ad-Hoc|iPhoneSimulator
		{C904F90D-451C-4475-93F7-B6293D3901EB}.Ad-Hoc|x64.ActiveCfg = Ad-Hoc|iPhoneSimulator
		{C904F90D-451C-4475-93F7-B6293D3901EB}.Ad-Hoc|x86.ActiveCfg = Ad-Hoc|iPhoneSimulator
		{C904F90D-451C-4475-93F7-B6293D3901EB}.AppStore|Any CPU.ActiveCfg = AppStore|iPhoneSimulator
		{C904F90D-451C-4475-93F7-B6293D3901EB}.AppStore|ARM.ActiveCfg = AppStore|iPhoneSimulator
		{C904F90D-451C-4475-93F7-B6293D3901EB}.AppStore|ARM64.ActiveCfg = AppStore|iPhoneSimulator
		{C904F90D-451C-4475-93F7-B6293D3901EB}.AppStore|iPhone.ActiveCfg = AppStore|iPhone
		{C904F90D-451C-4475-93F7-B6293D3901EB}.AppStore|iPhone.Build.0 = AppStore|iPhone
		{C904F90D-451C-4475-93F7-B6293D3901EB}.AppStore|iPhoneSimulator.ActiveCfg = AppStore|iPhoneSimulator
		{C904F90D-451C-4475-93F7-B6293D3901EB}.AppStore|iPhoneSimulator.Build.0 = AppStore|iPhoneSimulator
		{C904F90D-451C-4475-93F7-B6293D3901EB}.AppStore|x64.ActiveCfg = AppStore|iPhoneSimulator
		{C904F90D-451C-4475-93F7-B6293D3901EB}.AppStore|x86.ActiveCfg = AppStore|iPhoneSimulator
		{C904F90D-451C-4475-93F7-B6293D3901EB}.Debug|Any CPU.ActiveCfg = Debug|iPhoneSimulator
		{C904F90D-451C-4475-93F7-B6293D3901EB}.Debug|ARM.ActiveCfg = Debug|iPhoneSimulator
		{C904F90D-451C-4475-93F7-B6293D3901EB}.Debug|ARM64.ActiveCfg = Debug|iPhoneSimulator
		{C904F90D-451C-4475-93F7-B6293D3901EB}.Debug|iPhone.ActiveCfg = Debug|iPhone
		{C904F90D-451C-4475-93F7-B6293D3901EB}.Debug|iPhone.Build.0 = Debug|iPhone
		{C904F90D-451C-4475-93F7-B6293D3901EB}.Debug|iPhoneSimulator.ActiveCfg = Debug|iPhoneSimulator
		{C904F90D-451C-4475-93F7-B6293D3901EB}.Debug|iPhoneSimulator.Build.0 = Debug|iPhoneSimulator
		{C904F90D-451C-4475-93F7-B6293D3901EB}.Debug|x64.ActiveCfg = Debug|iPhoneSimulator
		{C904F90D-451C-4475-93F7-B6293D3901EB}.Debug|x86.ActiveCfg = Debug|iPhoneSimulator
		{C904F90D-451C-4475-93F7-B6293D3901EB}.Release|Any CPU.ActiveCfg = Release|iPhoneSimulator
		{C904F90D-451C-4475-93F7-B6293D3901EB}.Release|ARM.ActiveCfg = Release|iPhoneSimulator
		{C904F90D-451C-4475-93F7-B6293D3901EB}.Release|ARM64.ActiveCfg = Release|iPhoneSimulator
		{C904F90D-451C-4475-93F7-B6293D3901EB}.Release|iPhone.ActiveCfg = Release|iPhone
		{C904F90D-451C-4475-93F7-B6293D3901EB}.Release|iPhone.Build.0 = Release|iPhone
		{C904F90D-451C-4475-93F7-B6293D3901EB}.Release|iPhoneSimulator.ActiveCfg = Release|iPhoneSimulator
		{C904F90D-451C-4475-93F7-B6293D3901EB}.Release|iPhoneSimulator.Build.0 = Release|iPhoneSimulator
		{C904F90D-451C-4475-93F7-B6293D3901EB}.Release|x64.ActiveCfg = Release|iPhoneSimulator
		{C904F90D-451C-4475-93F7-B6293D3901EB}.Release|x86.ActiveCfg = Release|iPhoneSimulator
		{09D485B2-A476-4EA6-8044-B040BA1C6893}.Ad-Hoc|Any CPU.ActiveCfg = Debug|x86
		{09D485B2-A476-4EA6-8044-B040BA1C6893}.Ad-Hoc|Any CPU.Build.0 = Debug|x86
		{09D485B2-A476-4EA6-8044-B040BA1C6893}.Ad-Hoc|Any CPU.Deploy.0 = Debug|x86
		{09D485B2-A476-4EA6-8044-B040BA1C6893}.Ad-Hoc|ARM.ActiveCfg = Debug|ARM
		{09D485B2-A476-4EA6-8044-B040BA1C6893}.Ad-Hoc|ARM.Build.0 = Debug|ARM
		{09D485B2-A476-4EA6-8044-B040BA1C6893}.Ad-Hoc|ARM.Deploy.0 = Debug|ARM
		{09D485B2-A476-4EA6-8044-B040BA1C6893}.Ad-Hoc|ARM64.ActiveCfg = Debug|ARM64
		{09D485B2-A476-4EA6-8044-B040BA1C6893}.Ad-Hoc|ARM64.Build.0 = Debug|ARM64
		{09D485B2-A476-4EA6-8044-B040BA1C6893}.Ad-Hoc|ARM64.Deploy.0 = Debug|ARM64
		{09D485B2-A476-4EA6-8044-B040BA1C6893}.Ad-Hoc|iPhone.ActiveCfg = Debug|x86
		{09D485B2-A476-4EA6-8044-B040BA1C6893}.Ad-Hoc|iPhone.Build.0 = Debug|x86
		{09D485B2-A476-4EA6-8044-B040BA1C6893}.Ad-Hoc|iPhone.Deploy.0 = Debug|x86
		{09D485B2-A476-4EA6-8044-B040BA1C6893}.Ad-Hoc|iPhoneSimulator.ActiveCfg = Debug|x86
		{09D485B2-A476-4EA6-8044-B040BA1C6893}.Ad-Hoc|iPhoneSimulator.Build.0 = Debug|x86
		{09D485B2-A476-4EA6-8044-B040BA1C6893}.Ad-Hoc|iPhoneSimulator.Deploy.0 = Debug|x86
		{09D485B2-A476-4EA6-8044-B040BA1C6893}.Ad-Hoc|x64.ActiveCfg = Debug|x64
		{09D485B2-A476-4EA6-8044-B040BA1C6893}.Ad-Hoc|x64.Build.0 = Debug|x64
		{09D485B2-A476-4EA6-8044-B040BA1C6893}.Ad-Hoc|x64.Deploy.0 = Debug|x64
		{09D485B2-A476-4EA6-8044-B040BA1C6893}.Ad-Hoc|x86.ActiveCfg = Debug|x86
		{09D485B2-A476-4EA6-8044-B040BA1C6893}.Ad-Hoc|x86.Build.0 = Debug|x86
		{09D485B2-A476-4EA6-8044-B040BA1C6893}.Ad-Hoc|x86.Deploy.0 = Debug|x86
		{09D485B2-A476-4EA6-8044-B040BA1C6893}.AppStore|Any CPU.ActiveCfg = Debug|x86
		{09D485B2-A476-4EA6-8044-B040BA1C6893}.AppStore|Any CPU.Build.0 = Debug|x86
		{09D485B2-A476-4EA6-8044-B040BA1C6893}.AppStore|Any CPU.Deploy.0 = Debug|x86
		{09D485B2-A476-4EA6-8044-B040BA1C6893}.AppStore|ARM.ActiveCfg = Debug|ARM
		{09D485B2-A476-4EA6-8044-B040BA1C6893}.AppStore|ARM.Build.0 = Debug|ARM
		{09D485B2-A476-4EA6-8044-B040BA1C6893}.AppStore|ARM.Deploy.0 = Debug|ARM
		{09D485B2-A476-4EA6-8044-B040BA1C6893}.AppStore|ARM64.ActiveCfg = Debug|ARM64
		{09D485B2-A476-4EA6-8044-B040BA1C6893}.AppStore|ARM64.Build.0 = Debug|ARM64
		{09D485B2-A476-4EA6-8044-B040BA1C6893}.AppStore|ARM64.Deploy.0 = Debug|ARM64
		{09D485B2-A476-4EA6-8044-B040BA1C6893}.AppStore|iPhone.ActiveCfg = Debug|x86
		{09D485B2-A476-4EA6-8044-B040BA1C6893}.AppStore|iPhone.Build.0 = Debug|x86
		{09D485B2-A476-4EA6-8044-B040BA1C6893}.AppStore|iPhone.Deploy.0 = Debug|x86
		{09D485B2-A476-4EA6-8044-B040BA1C6893}.AppStore|iPhoneSimulator.ActiveCfg = Debug|x86
		{09D485B2-A476-4EA6-8044-B040BA1C6893}.AppStore|iPhoneSimulator.Build.0 = Debug|x86
		{09D485B2-A476-4EA6-8044-B040BA1C6893}.AppStore|iPhoneSimulator.Deploy.0 = Debug|x86
		{09D485B2-A476-4EA6-8044-B040BA1C6893}.AppStore|x64.ActiveCfg = Debug|x64
		{09D485B2-A476-4EA6-8044-B040BA1C6893}.AppStore|x64.Build.0 = Debug|x64
		{09D485B2-A476-4EA6-8044-B040BA1C6893}.AppStore|x64.Deploy.0 = Debug|x64
		{09D485B2-A476-4EA6-8044-B040BA1C6893}.AppStore|x86.ActiveCfg = Debug|x86
		{09D485B2-A476-4EA6-8044-B040BA1C6893}.AppStore|x86.Build.0 = Debug|x86
		{09D485B2-A476-4EA6-8044-B040BA1C6893}.AppStore|x86.Deploy.0 = Debug|x86
		{09D485B2-A476-4EA6-8044-B040BA1C6893}.Debug|Any CPU.ActiveCfg = Debug|x86
		{09D485B2-A476-4EA6-8044-B040BA1C6893}.Debug|Any CPU.Build.0 = Debug|x86
		{09D485B2-A476-4EA6-8044-B040BA1C6893}.Debug|Any CPU.Deploy.0 = Debug|x86
		{09D485B2-A476-4EA6-8044-B040BA1C6893}.Debug|ARM.ActiveCfg = Debug|ARM
		{09D485B2-A476-4EA6-8044-B040BA1C6893}.Debug|ARM.Build.0 = Debug|ARM
		{09D485B2-A476-4EA6-8044-B040BA1C6893}.Debug|ARM.Deploy.0 = Debug|ARM
		{09D485B2-A476-4EA6-8044-B040BA1C6893}.Debug|ARM64.ActiveCfg = Debug|ARM64
		{09D485B2-A476-4EA6-8044-B040BA1C6893}.Debug|ARM64.Build.0 = Debug|ARM64
		{09D485B2-A476-4EA6-8044-B040BA1C6893}.Debug|ARM64.Deploy.0 = Debug|ARM64
		{09D485B2-A476-4EA6-8044-B040BA1C6893}.Debug|iPhone.ActiveCfg = Debug|x86
		{09D485B2-A476-4EA6-8044-B040BA1C6893}.Debug|iPhoneSimulator.ActiveCfg = Debug|x86
		{09D485B2-A476-4EA6-8044-B040BA1C6893}.Debug|x64.ActiveCfg = Debug|x64
		{09D485B2-A476-4EA6-8044-B040BA1C6893}.Debug|x64.Build.0 = Debug|x64
		{09D485B2-A476-4EA6-8044-B040BA1C6893}.Debug|x64.Deploy.0 = Debug|x64
		{09D485B2-A476-4EA6-8044-B040BA1C6893}.Debug|x86.ActiveCfg = Debug|x86
		{09D485B2-A476-4EA6-8044-B040BA1C6893}.Debug|x86.Build.0 = Debug|x86
		{09D485B2-A476-4EA6-8044-B040BA1C6893}.Debug|x86.Deploy.0 = Debug|x86
		{09D485B2-A476-4EA6-8044-B040BA1C6893}.Release|Any CPU.ActiveCfg = Release|x86
		{09D485B2-A476-4EA6-8044-B040BA1C6893}.Release|ARM.ActiveCfg = Release|ARM
		{09D485B2-A476-4EA6-8044-B040BA1C6893}.Release|ARM.Build.0 = Release|ARM
		{09D485B2-A476-4EA6-8044-B040BA1C6893}.Release|ARM.Deploy.0 = Release|ARM
		{09D485B2-A476-4EA6-8044-B040BA1C6893}.Release|ARM64.ActiveCfg = Release|ARM64
		{09D485B2-A476-4EA6-8044-B040BA1C6893}.Release|ARM64.Build.0 = Release|ARM64
		{09D485B2-A476-4EA6-8044-B040BA1C6893}.Release|ARM64.Deploy.0 = Release|ARM64
		{09D485B2-A476-4EA6-8044-B040BA1C6893}.Release|iPhone.ActiveCfg = Release|x86
		{09D485B2-A476-4EA6-8044-B040BA1C6893}.Release|iPhoneSimulator.ActiveCfg = Release|x86
		{09D485B2-A476-4EA6-8044-B040BA1C6893}.Release|x64.ActiveCfg = Release|x64
		{09D485B2-A476-4EA6-8044-B040BA1C6893}.Release|x64.Build.0 = Release|x64
		{09D485B2-A476-4EA6-8044-B040BA1C6893}.Release|x64.Deploy.0 = Release|x64
		{09D485B2-A476-4EA6-8044-B040BA1C6893}.Release|x86.ActiveCfg = Release|x86
		{09D485B2-A476-4EA6-8044-B040BA1C6893}.Release|x86.Build.0 = Release|x86
		{09D485B2-A476-4EA6-8044-B040BA1C6893}.Release|x86.Deploy.0 = Release|x86
		{19EE91D6-F525-44B5-A250-9CAABB230E10}.Ad-Hoc|Any CPU.ActiveCfg = Debug|Any CPU
		{19EE91D6-F525-44B5-A250-9CAABB230E10}.Ad-Hoc|Any CPU.Build.0 = Debug|Any CPU
		{19EE91D6-F525-44B5-A250-9CAABB230E10}.Ad-Hoc|ARM.ActiveCfg = Debug|Any CPU
		{19EE91D6-F525-44B5-A250-9CAABB230E10}.Ad-Hoc|ARM.Build.0 = Debug|Any CPU
		{19EE91D6-F525-44B5-A250-9CAABB230E10}.Ad-Hoc|ARM64.ActiveCfg = Debug|Any CPU
		{19EE91D6-F525-44B5-A250-9CAABB230E10}.Ad-Hoc|ARM64.Build.0 = Debug|Any CPU
		{19EE91D6-F525-44B5-A250-9CAABB230E10}.Ad-Hoc|iPhone.ActiveCfg = Debug|Any CPU
		{19EE91D6-F525-44B5-A250-9CAABB230E10}.Ad-Hoc|iPhone.Build.0 = Debug|Any CPU
		{19EE91D6-F525-44B5-A250-9CAABB230E10}.Ad-Hoc|iPhoneSimulator.ActiveCfg = Debug|Any CPU
		{19EE91D6-F525-44B5-A250-9CAABB230E10}.Ad-Hoc|iPhoneSimulator.Build.0 = Debug|Any CPU
		{19EE91D6-F525-44B5-A250-9CAABB230E10}.Ad-Hoc|x64.ActiveCfg = Debug|Any CPU
		{19EE91D6-F525-44B5-A250-9CAABB230E10}.Ad-Hoc|x64.Build.0 = Debug|Any CPU
		{19EE91D6-F525-44B5-A250-9CAABB230E10}.Ad-Hoc|x86.ActiveCfg = Debug|Any CPU
		{19EE91D6-F525-44B5-A250-9CAABB230E10}.Ad-Hoc|x86.Build.0 = Debug|Any CPU
		{19EE91D6-F525-44B5-A250-9CAABB230E10}.AppStore|Any CPU.ActiveCfg = Debug|Any CPU
		{19EE91D6-F525-44B5-A250-9CAABB230E10}.AppStore|Any CPU.Build.0 = Debug|Any CPU
		{19EE91D6-F525-44B5-A250-9CAABB230E10}.AppStore|ARM.ActiveCfg = Debug|Any CPU
		{19EE91D6-F525-44B5-A250-9CAABB230E10}.AppStore|ARM.Build.0 = Debug|Any CPU
		{19EE91D6-F525-44B5-A250-9CAABB230E10}.AppStore|ARM64.ActiveCfg = Debug|Any CPU
		{19EE91D6-F525-44B5-A250-9CAABB230E10}.AppStore|ARM64.Build.0 = Debug|Any CPU
		{19EE91D6-F525-44B5-A250-9CAABB230E10}.AppStore|iPhone.ActiveCfg = Debug|Any CPU
		{19EE91D6-F525-44B5-A250-9CAABB230E10}.AppStore|iPhone.Build.0 = Debug|Any CPU
		{19EE91D6-F525-44B5-A250-9CAABB230E10}.AppStore|iPhoneSimulator.ActiveCfg = Debug|Any CPU
		{19EE91D6-F525-44B5-A250-9CAABB230E10}.AppStore|iPhoneSimulator.Build.0 = Debug|Any CPU
		{19EE91D6-F525-44B5-A250-9CAABB230E10}.AppStore|x64.ActiveCfg = Debug|Any CPU
		{19EE91D6-F525-44B5-A250-9CAABB230E10}.AppStore|x64.Build.0 = Debug|Any CPU
		{19EE91D6-F525-44B5-A250-9CAABB230E10}.AppStore|x86.ActiveCfg = Debug|Any CPU
		{19EE91D6-F525-44B5-A250-9CAABB230E10}.AppStore|x86.Build.0 = Debug|Any CPU
		{19EE91D6-F525-44B5-A250-9CAABB230E10}.Debug|Any CPU.ActiveCfg = Debug|Any CPU
		{19EE91D6-F525-44B5-A250-9CAABB230E10}.Debug|Any CPU.Build.0 = Debug|Any CPU
		{19EE91D6-F525-44B5-A250-9CAABB230E10}.Debug|ARM.ActiveCfg = Debug|Any CPU
		{19EE91D6-F525-44B5-A250-9CAABB230E10}.Debug|ARM.Build.0 = Debug|Any CPU
		{19EE91D6-F525-44B5-A250-9CAABB230E10}.Debug|ARM64.ActiveCfg = Debug|Any CPU
		{19EE91D6-F525-44B5-A250-9CAABB230E10}.Debug|ARM64.Build.0 = Debug|Any CPU
		{19EE91D6-F525-44B5-A250-9CAABB230E10}.Debug|iPhone.ActiveCfg = Debug|Any CPU
		{19EE91D6-F525-44B5-A250-9CAABB230E10}.Debug|iPhone.Build.0 = Debug|Any CPU
		{19EE91D6-F525-44B5-A250-9CAABB230E10}.Debug|iPhoneSimulator.ActiveCfg = Debug|Any CPU
		{19EE91D6-F525-44B5-A250-9CAABB230E10}.Debug|iPhoneSimulator.Build.0 = Debug|Any CPU
		{19EE91D6-F525-44B5-A250-9CAABB230E10}.Debug|x64.ActiveCfg = Debug|Any CPU
		{19EE91D6-F525-44B5-A250-9CAABB230E10}.Debug|x64.Build.0 = Debug|Any CPU
		{19EE91D6-F525-44B5-A250-9CAABB230E10}.Debug|x86.ActiveCfg = Debug|Any CPU
		{19EE91D6-F525-44B5-A250-9CAABB230E10}.Debug|x86.Build.0 = Debug|Any CPU
		{19EE91D6-F525-44B5-A250-9CAABB230E10}.Release|Any CPU.ActiveCfg = Release|Any CPU
		{19EE91D6-F525-44B5-A250-9CAABB230E10}.Release|Any CPU.Build.0 = Release|Any CPU
		{19EE91D6-F525-44B5-A250-9CAABB230E10}.Release|ARM.ActiveCfg = Release|Any CPU
		{19EE91D6-F525-44B5-A250-9CAABB230E10}.Release|ARM.Build.0 = Release|Any CPU
		{19EE91D6-F525-44B5-A250-9CAABB230E10}.Release|ARM64.ActiveCfg = Release|Any CPU
		{19EE91D6-F525-44B5-A250-9CAABB230E10}.Release|ARM64.Build.0 = Release|Any CPU
		{19EE91D6-F525-44B5-A250-9CAABB230E10}.Release|iPhone.ActiveCfg = Release|Any CPU
		{19EE91D6-F525-44B5-A250-9CAABB230E10}.Release|iPhone.Build.0 = Release|Any CPU
		{19EE91D6-F525-44B5-A250-9CAABB230E10}.Release|iPhoneSimulator.ActiveCfg = Release|Any CPU
		{19EE91D6-F525-44B5-A250-9CAABB230E10}.Release|iPhoneSimulator.Build.0 = Release|Any CPU
		{19EE91D6-F525-44B5-A250-9CAABB230E10}.Release|x64.ActiveCfg = Release|Any CPU
		{19EE91D6-F525-44B5-A250-9CAABB230E10}.Release|x64.Build.0 = Release|Any CPU
		{19EE91D6-F525-44B5-A250-9CAABB230E10}.Release|x86.ActiveCfg = Release|Any CPU
		{19EE91D6-F525-44B5-A250-9CAABB230E10}.Release|x86.Build.0 = Release|Any CPU
		{9C1C6C56-21FD-444A-981F-EB520526A5C1}.Ad-Hoc|Any CPU.ActiveCfg = Debug|iPhoneSimulator
		{9C1C6C56-21FD-444A-981F-EB520526A5C1}.Ad-Hoc|Any CPU.Build.0 = Debug|iPhoneSimulator
		{9C1C6C56-21FD-444A-981F-EB520526A5C1}.Ad-Hoc|ARM.ActiveCfg = Debug|iPhoneSimulator
		{9C1C6C56-21FD-444A-981F-EB520526A5C1}.Ad-Hoc|ARM.Build.0 = Debug|iPhoneSimulator
		{9C1C6C56-21FD-444A-981F-EB520526A5C1}.Ad-Hoc|ARM64.ActiveCfg = Debug|iPhoneSimulator
		{9C1C6C56-21FD-444A-981F-EB520526A5C1}.Ad-Hoc|ARM64.Build.0 = Debug|iPhoneSimulator
		{9C1C6C56-21FD-444A-981F-EB520526A5C1}.Ad-Hoc|iPhone.ActiveCfg = Debug|iPhoneSimulator
		{9C1C6C56-21FD-444A-981F-EB520526A5C1}.Ad-Hoc|iPhone.Build.0 = Debug|iPhoneSimulator
		{9C1C6C56-21FD-444A-981F-EB520526A5C1}.Ad-Hoc|iPhoneSimulator.ActiveCfg = Debug|iPhoneSimulator
		{9C1C6C56-21FD-444A-981F-EB520526A5C1}.Ad-Hoc|iPhoneSimulator.Build.0 = Debug|iPhoneSimulator
		{9C1C6C56-21FD-444A-981F-EB520526A5C1}.Ad-Hoc|x64.ActiveCfg = Debug|iPhoneSimulator
		{9C1C6C56-21FD-444A-981F-EB520526A5C1}.Ad-Hoc|x64.Build.0 = Debug|iPhoneSimulator
		{9C1C6C56-21FD-444A-981F-EB520526A5C1}.Ad-Hoc|x86.ActiveCfg = Debug|iPhoneSimulator
		{9C1C6C56-21FD-444A-981F-EB520526A5C1}.Ad-Hoc|x86.Build.0 = Debug|iPhoneSimulator
		{9C1C6C56-21FD-444A-981F-EB520526A5C1}.AppStore|Any CPU.ActiveCfg = Debug|iPhoneSimulator
		{9C1C6C56-21FD-444A-981F-EB520526A5C1}.AppStore|Any CPU.Build.0 = Debug|iPhoneSimulator
		{9C1C6C56-21FD-444A-981F-EB520526A5C1}.AppStore|ARM.ActiveCfg = Debug|iPhoneSimulator
		{9C1C6C56-21FD-444A-981F-EB520526A5C1}.AppStore|ARM.Build.0 = Debug|iPhoneSimulator
		{9C1C6C56-21FD-444A-981F-EB520526A5C1}.AppStore|ARM64.ActiveCfg = Debug|iPhoneSimulator
		{9C1C6C56-21FD-444A-981F-EB520526A5C1}.AppStore|ARM64.Build.0 = Debug|iPhoneSimulator
		{9C1C6C56-21FD-444A-981F-EB520526A5C1}.AppStore|iPhone.ActiveCfg = Debug|iPhoneSimulator
		{9C1C6C56-21FD-444A-981F-EB520526A5C1}.AppStore|iPhone.Build.0 = Debug|iPhoneSimulator
		{9C1C6C56-21FD-444A-981F-EB520526A5C1}.AppStore|iPhoneSimulator.ActiveCfg = Debug|iPhoneSimulator
		{9C1C6C56-21FD-444A-981F-EB520526A5C1}.AppStore|iPhoneSimulator.Build.0 = Debug|iPhoneSimulator
		{9C1C6C56-21FD-444A-981F-EB520526A5C1}.AppStore|x64.ActiveCfg = Debug|iPhoneSimulator
		{9C1C6C56-21FD-444A-981F-EB520526A5C1}.AppStore|x64.Build.0 = Debug|iPhoneSimulator
		{9C1C6C56-21FD-444A-981F-EB520526A5C1}.AppStore|x86.ActiveCfg = Debug|iPhoneSimulator
		{9C1C6C56-21FD-444A-981F-EB520526A5C1}.AppStore|x86.Build.0 = Debug|iPhoneSimulator
		{9C1C6C56-21FD-444A-981F-EB520526A5C1}.Debug|Any CPU.ActiveCfg = Debug|iPhoneSimulator
		{9C1C6C56-21FD-444A-981F-EB520526A5C1}.Debug|ARM.ActiveCfg = Debug|iPhoneSimulator
		{9C1C6C56-21FD-444A-981F-EB520526A5C1}.Debug|ARM64.ActiveCfg = Debug|iPhoneSimulator
		{9C1C6C56-21FD-444A-981F-EB520526A5C1}.Debug|iPhone.ActiveCfg = Debug|iPhoneSimulator
		{9C1C6C56-21FD-444A-981F-EB520526A5C1}.Debug|iPhoneSimulator.ActiveCfg = Debug|iPhoneSimulator
		{9C1C6C56-21FD-444A-981F-EB520526A5C1}.Debug|iPhoneSimulator.Build.0 = Debug|iPhoneSimulator
		{9C1C6C56-21FD-444A-981F-EB520526A5C1}.Debug|x64.ActiveCfg = Debug|iPhoneSimulator
		{9C1C6C56-21FD-444A-981F-EB520526A5C1}.Debug|x86.ActiveCfg = Debug|iPhoneSimulator
		{9C1C6C56-21FD-444A-981F-EB520526A5C1}.Release|Any CPU.ActiveCfg = Release|iPhoneSimulator
		{9C1C6C56-21FD-444A-981F-EB520526A5C1}.Release|ARM.ActiveCfg = Release|iPhoneSimulator
		{9C1C6C56-21FD-444A-981F-EB520526A5C1}.Release|ARM64.ActiveCfg = Release|iPhoneSimulator
		{9C1C6C56-21FD-444A-981F-EB520526A5C1}.Release|iPhone.ActiveCfg = Release|iPhoneSimulator
		{9C1C6C56-21FD-444A-981F-EB520526A5C1}.Release|iPhoneSimulator.ActiveCfg = Release|iPhoneSimulator
		{9C1C6C56-21FD-444A-981F-EB520526A5C1}.Release|iPhoneSimulator.Build.0 = Release|iPhoneSimulator
		{9C1C6C56-21FD-444A-981F-EB520526A5C1}.Release|x64.ActiveCfg = Release|iPhoneSimulator
		{9C1C6C56-21FD-444A-981F-EB520526A5C1}.Release|x86.ActiveCfg = Release|iPhoneSimulator
	EndGlobalSection
	GlobalSection(SolutionProperties) = preSolution
		HideSolutionNode = FALSE
	EndGlobalSection
	GlobalSection(NestedProjects) = preSolution
		{969E8ECD-D693-45B6-BE0C-BCB58B5F364D} = {3AAE5788-7A61-4F87-BB94-D58C33707BA4}
		{C904F90D-451C-4475-93F7-B6293D3901EB} = {3AAE5788-7A61-4F87-BB94-D58C33707BA4}
		{09D485B2-A476-4EA6-8044-B040BA1C6893} = {3AAE5788-7A61-4F87-BB94-D58C33707BA4}
		{19EE91D6-F525-44B5-A250-9CAABB230E10} = {3AAE5788-7A61-4F87-BB94-D58C33707BA4}
		{9C1C6C56-21FD-444A-981F-EB520526A5C1} = {3AAE5788-7A61-4F87-BB94-D58C33707BA4}
	EndGlobalSection
	GlobalSection(ExtensibilityGlobals) = postSolution
		SolutionGuid = {5017C9D1-5DEC-492F-B566-4E4CF4C42336}
	EndGlobalSection
EndGlobal
